
Microsoft Visual Studio Solution File, Format Version 12.00
# Visual Studio Version 17
VisualStudioVersion = 17.0.32014.148
MinimumVisualStudioVersion = 10.0.40219.1
Project("{FAE04EC0-301F-11D3-BF4B-00C04F79EFBC}") = "LibraryProject", "LibraryProject\LibraryProject.csproj", "{1E50FFC1-0910-4A0E-99B1-731D771772B6}"
EndProject
Project("{FAE04EC0-301F-11D3-BF4B-00C04F79EFBC}") = "LibraryProjectTests", "LibraryProjectTests\LibraryProjectTests.csproj", "{DA4E07B6-1632-4677-89B7-C4EC734AC5B3}"
EndProject
Project("{FAE04EC0-301F-11D3-BF4B-00C04F79EFBC}") = "SqlStorageTests", "SqlStorageTests\SqlStorageTests.csproj", "{C836F27B-19D1-4F3C-9243-7C6B09CFFAC1}"
EndProject
Global
	GlobalSection(SolutionConfigurationPlatforms) = preSolution
		Debug|Any CPU = Debug|Any CPU
		Release|Any CPU = Release|Any CPU
	EndGlobalSection
	GlobalSection(ProjectConfigurationPlatforms) = postSolution
		{1E50FFC1-0910-4A0E-99B1-731D771772B6}.Debug|Any CPU.ActiveCfg = Debug|Any CPU
		{1E50FFC1-0910-4A0E-99B1-731D771772B6}.Debug|Any CPU.Build.0 = Debug|Any CPU
		{1E50FFC1-0910-4A0E-99B1-731D771772B6}.Release|Any CPU.ActiveCfg = Release|Any CPU
		{1E50FFC1-0910-4A0E-99B1-731D771772B6}.Release|Any CPU.Build.0 = Release|Any CPU
		{DA4E07B6-1632-4677-89B7-C4EC734AC5B3}.Debug|Any CPU.ActiveCfg = Debug|Any CPU
		{DA4E07B6-1632-4677-89B7-C4EC734AC5B3}.Debug|Any CPU.Build.0 = Debug|Any CPU
		{DA4E07B6-1632-4677-89B7-C4EC734AC5B3}.Release|Any CPU.ActiveCfg = Release|Any CPU
		{DA4E07B6-1632-4677-89B7-C4EC734AC5B3}.Release|Any CPU.Build.0 = Release|Any CPU
		{C836F27B-19D1-4F3C-9243-7C6B09CFFAC1}.Debug|Any CPU.ActiveCfg = Debug|Any CPU
		{C836F27B-19D1-4F3C-9243-7C6B09CFFAC1}.Debug|Any CPU.Build.0 = Debug|Any CPU
		{C836F27B-19D1-4F3C-9243-7C6B09CFFAC1}.Release|Any CPU.ActiveCfg = Release|Any CPU
		{C836F27B-19D1-4F3C-9243-7C6B09CFFAC1}.Release|Any CPU.Build.0 = Release|Any CPU
	EndGlobalSection
	GlobalSection(SolutionProperties) = preSolution
		HideSolutionNode = FALSE
	EndGlobalSection
	GlobalSection(ExtensibilityGlobals) = postSolution
		SolutionGuid = {A18853E6-5D22-471A-B2E4-975F69270B67}
	EndGlobalSection
EndGlobal
